
Microsoft Visual Studio Solution File, Format Version 12.00
# Visual Studio Version 16
VisualStudioVersion = 16.0.29519.87
MinimumVisualStudioVersion = 10.0.40219.1
Project("{FAE04EC0-301F-11D3-BF4B-00C04F79EFBC}") = "GJExperience.Graphql", "GJExperience.Graphql\GJExperience.Graphql.csproj", "{242AF77E-FDAB-450F-8410-B641FCB89C29}"
EndProject
Global
	GlobalSection(SolutionConfigurationPlatforms) = preSolution
		Debug|Any CPU = Debug|Any CPU
		Release|Any CPU = Release|Any CPU
	EndGlobalSection
	GlobalSection(ProjectConfigurationPlatforms) = postSolution
		{242AF77E-FDAB-450F-8410-B641FCB89C29}.Debug|Any CPU.ActiveCfg = Debug|Any CPU
		{242AF77E-FDAB-450F-8410-B641FCB89C29}.Debug|Any CPU.Build.0 = Debug|Any CPU
		{242AF77E-FDAB-450F-8410-B641FCB89C29}.Release|Any CPU.ActiveCfg = Release|Any CPU
		{242AF77E-FDAB-450F-8410-B641FCB89C29}.Release|Any CPU.Build.0 = Release|Any CPU
	EndGlobalSection
	GlobalSection(SolutionProperties) = preSolution
		HideSolutionNode = FALSE
	EndGlobalSection
	GlobalSection(ExtensibilityGlobals) = postSolution
		SolutionGuid = {A4259A51-184F-4D15-8CDE-CE7928DD5E1C}
	EndGlobalSection
EndGlobal
